
Microsoft Visual Studio Solution File, Format Version 12.00
# Visual Studio Version 17
VisualStudioVersion = 17.6.33723.286
MinimumVisualStudioVersion = 10.0.40219.1
Project("{FAE04EC0-301F-11D3-BF4B-00C04F79EFBC}") = "ThaiCardIDReader", "ThaiCardIDReader.csproj", "{C1878F92-EE67-4577-93B5-0A5F2688DC66}"
EndProject
Project("{FAE04EC0-301F-11D3-BF4B-00C04F79EFBC}") = "ThaiIDCardTest", "..\ThaiIDCardTest\ThaiIDCardTest.csproj", "{EFA3BB1B-5A0C-4290-BBD7-E5FC49AAC0F4}"
EndProject
Global
	GlobalSection(SolutionConfigurationPlatforms) = preSolution
		Debug|Any CPU = Debug|Any CPU
		Release|Any CPU = Release|Any CPU
	EndGlobalSection
	GlobalSection(ProjectConfigurationPlatforms) = postSolution
		{C1878F92-EE67-4577-93B5-0A5F2688DC66}.Debug|Any CPU.ActiveCfg = Debug|Any CPU
		{C1878F92-EE67-4577-93B5-0A5F2688DC66}.Debug|Any CPU.Build.0 = Debug|Any CPU
		{C1878F92-EE67-4577-93B5-0A5F2688DC66}.Release|Any CPU.ActiveCfg = Release|Any CPU
		{C1878F92-EE67-4577-93B5-0A5F2688DC66}.Release|Any CPU.Build.0 = Release|Any CPU
		{EFA3BB1B-5A0C-4290-BBD7-E5FC49AAC0F4}.Debug|Any CPU.ActiveCfg = Debug|Any CPU
		{EFA3BB1B-5A0C-4290-BBD7-E5FC49AAC0F4}.Debug|Any CPU.Build.0 = Debug|Any CPU
		{EFA3BB1B-5A0C-4290-BBD7-E5FC49AAC0F4}.Release|Any CPU.ActiveCfg = Release|Any CPU
		{EFA3BB1B-5A0C-4290-BBD7-E5FC49AAC0F4}.Release|Any CPU.Build.0 = Release|Any CPU
	EndGlobalSection
	GlobalSection(SolutionProperties) = preSolution
		HideSolutionNode = FALSE
	EndGlobalSection
	GlobalSection(ExtensibilityGlobals) = postSolution
		SolutionGuid = {695C5AF0-B95A-4B46-984E-527D5082BAE8}
	EndGlobalSection
EndGlobal
